<?xml version="1.0" encoding="utf-8"?>
<Project ToolsVersion="15.0" xmlns="http://schemas.microsoft.com/developer/msbuild/2003">
  <ItemGroup>
    <ClCompile Include="E:\CRYENGINETRAINEE\CRYENGINE Projects\FPSTemplateNEW\FPSTemplateNEW\Code\StdAfx.cpp" />
    <ClCompile Include="E:\CRYENGINETRAINEE\CRYENGINE Projects\FPSTemplateNEW\FPSTemplateNEW\solutions\win64\Code_uber.cpp">
      <Filter>UBER FILES</Filter>
    </ClCompile>
    <ClCompile Include="E:\CRYENGINETRAINEE\CRYENGINE Projects\FPSTemplateNEW\FPSTemplateNEW\solutions\win64\Components_uber.cpp">
      <Filter>UBER FILES</Filter>
    </ClCompile>
    <ClCompile Include="Firearm.cpp">
      <Filter>Components\Combat</Filter>
    </ClCompile>
    <ClCompile Include="Bullet.cpp">
      <Filter>Components\Combat</Filter>
    </ClCompile>
    <ClCompile Include="BasicDroneEnemy.cpp">
      <Filter>Components\AI</Filter>
    </ClCompile>
    <ClCompile Include="Damageable.cpp">
      <Filter>Components\Combat</Filter>
    </ClCompile>
    <ClCompile Include="Spawnpoint.cpp">
      <Filter>Components</Filter>
    </ClCompile>
  </ItemGroup>
  <ItemGroup>
    <ClInclude Include="E:\CRYENGINETRAINEE\CRYENGINE Projects\FPSTemplateNEW\FPSTemplateNEW\Code\GamePlugin.cpp" />
    <ClInclude Include="E:\CRYENGINETRAINEE\CRYENGINE Projects\FPSTemplateNEW\FPSTemplateNEW\Code\GamePlugin.h" />
    <ClInclude Include="E:\CRYENGINETRAINEE\CRYENGINE Projects\FPSTemplateNEW\FPSTemplateNEW\Code\StdAfx.h" />
    <ClInclude Include="E:\CRYENGINETRAINEE\CRYENGINE Projects\FPSTemplateNEW\FPSTemplateNEW\Code\Components\Player.cpp">
      <Filter>Components</Filter>
    </ClInclude>
    <ClInclude Include="E:\CRYENGINETRAINEE\CRYENGINE Projects\FPSTemplateNEW\FPSTemplateNEW\Code\Components\Player.h">
      <Filter>Components</Filter>
    </ClInclude>
    <ClInclude Include="Firearm.h">
      <Filter>Components\Combat</Filter>
    </ClInclude>
    <ClInclude Include="Bullet.h">
      <Filter>Components\Combat</Filter>
    </ClInclude>
    <ClInclude Include="BasicDroneEnemy.h">
      <Filter>Components\AI</Filter>
    </ClInclude>
    <ClInclude Include="Damageable.h">
      <Filter>Components\Combat</Filter>
    </ClInclude>
    <ClInclude Include="Spawnpoint.h">
      <Filter>Components</Filter>
    </ClInclude>
  </ItemGroup>
  <ItemGroup>
    <CustomBuild Include="E:\CRYENGINETRAINEE\CRYENGINE Projects\FPSTemplateNEW\FPSTemplateNEW\Code\CMakeLists.txt" />
  </ItemGroup>
  <ItemGroup>
    <ResourceCompile Include="E:\CRYENGINETRAINEE\CRYENGINE Projects\FPSTemplateNEW\FPSTemplateNEW\solutions\win64\Game.autogen.rc">
      <Filter>Resource Files</Filter>
    </ResourceCompile>
  </ItemGroup>
  <ItemGroup>
    <Filter Include="Components">
      <UniqueIdentifier>{A2A55612-4217-3841-837C-B12911CCF323}</UniqueIdentifier>
    </Filter>
    <Filter Include="Resource Files">
      <UniqueIdentifier>{4528DB93-B161-3EB6-9ECA-44E3EC248A30}</UniqueIdentifier>
    </Filter>
    <Filter Include="UBER FILES">
      <UniqueIdentifier>{308F54D1-8E9B-3891-84C2-4EFFC64C8BC8}</UniqueIdentifier>
    </Filter>
    <Filter Include="Components\Combat">
      <UniqueIdentifier>{7ead829d-1141-43dd-9ff4-202327390deb}</UniqueIdentifier>
    </Filter>
    <Filter Include="Components\AI">
      <UniqueIdentifier>{ead0d40e-c517-4ea0-9132-d76d6168722b}</UniqueIdentifier>
    </Filter>
  </ItemGroup>
</Project>